
Microsoft Visual Studio Solution File, Format Version 12.00
# Visual Studio 14
VisualStudioVersion = 14.0.25420.1
MinimumVisualStudioVersion = 10.0.40219.1
Project("{FAE04EC0-301F-11D3-BF4B-00C04F79EFBC}") = "SingletonExample", "SingletonExample\SingletonExample.csproj", "{86AAD81A-D0E0-4075-8E91-F6AAA3722B34}"
EndProject
Project("{FAE04EC0-301F-11D3-BF4B-00C04F79EFBC}") = "SimpleFactory", "SimpleFactory\SimpleFactory.csproj", "{D6B5B8CE-38F0-48A2-8C64-06D6E9CF47A7}"
EndProject
Global
	GlobalSection(SolutionConfigurationPlatforms) = preSolution
		Debug|Any CPU = Debug|Any CPU
		Release|Any CPU = Release|Any CPU
	EndGlobalSection
	GlobalSection(ProjectConfigurationPlatforms) = postSolution
		{86AAD81A-D0E0-4075-8E91-F6AAA3722B34}.Debug|Any CPU.ActiveCfg = Debug|Any CPU
		{86AAD81A-D0E0-4075-8E91-F6AAA3722B34}.Debug|Any CPU.Build.0 = Debug|Any CPU
		{86AAD81A-D0E0-4075-8E91-F6AAA3722B34}.Release|Any CPU.ActiveCfg = Release|Any CPU
		{86AAD81A-D0E0-4075-8E91-F6AAA3722B34}.Release|Any CPU.Build.0 = Release|Any CPU
		{D6B5B8CE-38F0-48A2-8C64-06D6E9CF47A7}.Debug|Any CPU.ActiveCfg = Debug|Any CPU
		{D6B5B8CE-38F0-48A2-8C64-06D6E9CF47A7}.Debug|Any CPU.Build.0 = Debug|Any CPU
		{D6B5B8CE-38F0-48A2-8C64-06D6E9CF47A7}.Release|Any CPU.ActiveCfg = Release|Any CPU
		{D6B5B8CE-38F0-48A2-8C64-06D6E9CF47A7}.Release|Any CPU.Build.0 = Release|Any CPU
	EndGlobalSection
	GlobalSection(SolutionProperties) = preSolution
		HideSolutionNode = FALSE
	EndGlobalSection
EndGlobal
